
Microsoft Visual Studio Solution File, Format Version 12.00
# Visual Studio Version 17
VisualStudioVersion = 17.6.33829.357
MinimumVisualStudioVersion = 10.0.40219.1
Project("{9A19103F-16F7-4668-BE54-9A1E7A4F7556}") = "Shop.ProductApi", "ApiControlador\Shop.ProductApi.csproj", "{2F7B5838-DD36-440E-B5C8-9C3EA1616F0F}"
EndProject
Project("{9A19103F-16F7-4668-BE54-9A1E7A4F7556}") = "Shop.Web", "Shop.Web\Shop.Web.csproj", "{4F3C3C15-D4FD-4D04-8416-68DE0FB37FB8}"
EndProject
Project("{9A19103F-16F7-4668-BE54-9A1E7A4F7556}") = "Shop.IdentityServer", "Shop.IdentityServer\Shop.IdentityServer.csproj", "{8CF03ED2-C97C-49F0-8CA3-7A4ECF89EDC1}"
EndProject
Project("{2150E333-8FDC-42A3-9474-1A3956D46DE8}") = "Frontend", "Frontend", "{23355985-1E71-4A80-8BB4-7A1F8577C115}"
EndProject
Project("{2150E333-8FDC-42A3-9474-1A3956D46DE8}") = "Backend", "Backend", "{DEA7D4D5-FF8C-477F-A9C2-974EADDEE381}"
EndProject
Project("{9A19103F-16F7-4668-BE54-9A1E7A4F7556}") = "Shop.CartApi", "Shop.CartApi\Shop.CartApi.csproj", "{16F3C140-2636-4C0E-B4C1-56986495BA31}"
EndProject
Project("{9A19103F-16F7-4668-BE54-9A1E7A4F7556}") = "Shop.MessageBus", "Shop.MessageBus\Shop.MessageBus.csproj", "{E7DE3B56-2A31-48FF-B2A6-E6FC22CEAAAF}"
EndProject
Project("{FAE04EC0-301F-11D3-BF4B-00C04F79EFBC}") = "Shop.OrderApi", "Shop.OrderApi\Shop.OrderApi.csproj", "{35CC27B4-6C18-493C-A8F5-3FB54F016C6F}"
EndProject
Global
	GlobalSection(SolutionConfigurationPlatforms) = preSolution
		Debug|Any CPU = Debug|Any CPU
		Release|Any CPU = Release|Any CPU
	EndGlobalSection
	GlobalSection(ProjectConfigurationPlatforms) = postSolution
		{2F7B5838-DD36-440E-B5C8-9C3EA1616F0F}.Debug|Any CPU.ActiveCfg = Debug|Any CPU
		{2F7B5838-DD36-440E-B5C8-9C3EA1616F0F}.Debug|Any CPU.Build.0 = Debug|Any CPU
		{2F7B5838-DD36-440E-B5C8-9C3EA1616F0F}.Release|Any CPU.ActiveCfg = Release|Any CPU
		{2F7B5838-DD36-440E-B5C8-9C3EA1616F0F}.Release|Any CPU.Build.0 = Release|Any CPU
		{4F3C3C15-D4FD-4D04-8416-68DE0FB37FB8}.Debug|Any CPU.ActiveCfg = Debug|Any CPU
		{4F3C3C15-D4FD-4D04-8416-68DE0FB37FB8}.Debug|Any CPU.Build.0 = Debug|Any CPU
		{4F3C3C15-D4FD-4D04-8416-68DE0FB37FB8}.Release|Any CPU.ActiveCfg = Release|Any CPU
		{4F3C3C15-D4FD-4D04-8416-68DE0FB37FB8}.Release|Any CPU.Build.0 = Release|Any CPU
		{8CF03ED2-C97C-49F0-8CA3-7A4ECF89EDC1}.Debug|Any CPU.ActiveCfg = Debug|Any CPU
		{8CF03ED2-C97C-49F0-8CA3-7A4ECF89EDC1}.Debug|Any CPU.Build.0 = Debug|Any CPU
		{8CF03ED2-C97C-49F0-8CA3-7A4ECF89EDC1}.Release|Any CPU.ActiveCfg = Release|Any CPU
		{8CF03ED2-C97C-49F0-8CA3-7A4ECF89EDC1}.Release|Any CPU.Build.0 = Release|Any CPU
		{16F3C140-2636-4C0E-B4C1-56986495BA31}.Debug|Any CPU.ActiveCfg = Debug|Any CPU
		{16F3C140-2636-4C0E-B4C1-56986495BA31}.Debug|Any CPU.Build.0 = Debug|Any CPU
		{16F3C140-2636-4C0E-B4C1-56986495BA31}.Release|Any CPU.ActiveCfg = Release|Any CPU
		{16F3C140-2636-4C0E-B4C1-56986495BA31}.Release|Any CPU.Build.0 = Release|Any CPU
		{E7DE3B56-2A31-48FF-B2A6-E6FC22CEAAAF}.Debug|Any CPU.ActiveCfg = Debug|Any CPU
		{E7DE3B56-2A31-48FF-B2A6-E6FC22CEAAAF}.Debug|Any CPU.Build.0 = Debug|Any CPU
		{E7DE3B56-2A31-48FF-B2A6-E6FC22CEAAAF}.Release|Any CPU.ActiveCfg = Release|Any CPU
		{E7DE3B56-2A31-48FF-B2A6-E6FC22CEAAAF}.Release|Any CPU.Build.0 = Release|Any CPU
		{35CC27B4-6C18-493C-A8F5-3FB54F016C6F}.Debug|Any CPU.ActiveCfg = Debug|Any CPU
		{35CC27B4-6C18-493C-A8F5-3FB54F016C6F}.Debug|Any CPU.Build.0 = Debug|Any CPU
		{35CC27B4-6C18-493C-A8F5-3FB54F016C6F}.Release|Any CPU.ActiveCfg = Release|Any CPU
		{35CC27B4-6C18-493C-A8F5-3FB54F016C6F}.Release|Any CPU.Build.0 = Release|Any CPU
	EndGlobalSection
	GlobalSection(SolutionProperties) = preSolution
		HideSolutionNode = FALSE
	EndGlobalSection
	GlobalSection(NestedProjects) = preSolution
		{2F7B5838-DD36-440E-B5C8-9C3EA1616F0F} = {DEA7D4D5-FF8C-477F-A9C2-974EADDEE381}
		{4F3C3C15-D4FD-4D04-8416-68DE0FB37FB8} = {23355985-1E71-4A80-8BB4-7A1F8577C115}
		{8CF03ED2-C97C-49F0-8CA3-7A4ECF89EDC1} = {DEA7D4D5-FF8C-477F-A9C2-974EADDEE381}
		{16F3C140-2636-4C0E-B4C1-56986495BA31} = {DEA7D4D5-FF8C-477F-A9C2-974EADDEE381}
		{E7DE3B56-2A31-48FF-B2A6-E6FC22CEAAAF} = {DEA7D4D5-FF8C-477F-A9C2-974EADDEE381}
		{35CC27B4-6C18-493C-A8F5-3FB54F016C6F} = {DEA7D4D5-FF8C-477F-A9C2-974EADDEE381}
	EndGlobalSection
	GlobalSection(ExtensibilityGlobals) = postSolution
		SolutionGuid = {BC8A43A5-176C-456B-8281-F7AB59B8DD41}
	EndGlobalSection
EndGlobal
